
Microsoft Visual Studio Solution File, Format Version 12.00
# Visual Studio Version 16
VisualStudioVersion = 16.0.29201.188
MinimumVisualStudioVersion = 10.0.40219.1
Project("{2150E333-8FDC-42A3-9474-1A3956D46DE8}") = "src", "src", "{B2C997D7-8698-4B21-8602-191938D8B265}"
EndProject
Project("{2150E333-8FDC-42A3-9474-1A3956D46DE8}") = "test", "test", "{E21355E5-5AF8-448D-8707-BB556AA00F4E}"
EndProject
Project("{9A19103F-16F7-4668-BE54-9A1E7A4F7556}") = "MarcosM3.Core", "src\MarcosM3.Core\MarcosM3.Core.csproj", "{1ABCC801-C79F-496C-A3B6-797B0687C900}"
EndProject
Project("{9A19103F-16F7-4668-BE54-9A1E7A4F7556}") = "MarcosM3.Infrastructure", "src\MarcosM3.Infrastructure\MarcosM3.Infrastructure.csproj", "{55F65C6E-F0AC-4174-8DE3-6CFEBF6219B6}"
EndProject
Project("{2150E333-8FDC-42A3-9474-1A3956D46DE8}") = "Solution Items", "Solution Items", "{C223CF12-D2C7-4946-9B66-5ABEFEB71D3D}"
	ProjectSection(SolutionItems) = preProject
		.deployment = .deployment
		.editorconfig = .editorconfig
		azure-pipelines.yml = azure-pipelines.yml
	EndProjectSection
EndProject
Project("{FAE04EC0-301F-11D3-BF4B-00C04F79EFBC}") = "MarcosM3.Web", "src\MarcosM3.Web\MarcosM3.Web.csproj", "{0BCC96DD-CFFD-4614-8CB2-183D189D0043}"
EndProject
Global
	GlobalSection(SolutionConfigurationPlatforms) = preSolution
		Debug|Any CPU = Debug|Any CPU
		Release|Any CPU = Release|Any CPU
	EndGlobalSection
	GlobalSection(ProjectConfigurationPlatforms) = postSolution
		{1ABCC801-C79F-496C-A3B6-797B0687C900}.Debug|Any CPU.ActiveCfg = Debug|Any CPU
		{1ABCC801-C79F-496C-A3B6-797B0687C900}.Debug|Any CPU.Build.0 = Debug|Any CPU
		{1ABCC801-C79F-496C-A3B6-797B0687C900}.Release|Any CPU.ActiveCfg = Release|Any CPU
		{1ABCC801-C79F-496C-A3B6-797B0687C900}.Release|Any CPU.Build.0 = Release|Any CPU
		{55F65C6E-F0AC-4174-8DE3-6CFEBF6219B6}.Debug|Any CPU.ActiveCfg = Debug|Any CPU
		{55F65C6E-F0AC-4174-8DE3-6CFEBF6219B6}.Debug|Any CPU.Build.0 = Debug|Any CPU
		{55F65C6E-F0AC-4174-8DE3-6CFEBF6219B6}.Release|Any CPU.ActiveCfg = Release|Any CPU
		{55F65C6E-F0AC-4174-8DE3-6CFEBF6219B6}.Release|Any CPU.Build.0 = Release|Any CPU
		{0BCC96DD-CFFD-4614-8CB2-183D189D0043}.Debug|Any CPU.ActiveCfg = Debug|Any CPU
		{0BCC96DD-CFFD-4614-8CB2-183D189D0043}.Debug|Any CPU.Build.0 = Debug|Any CPU
		{0BCC96DD-CFFD-4614-8CB2-183D189D0043}.Release|Any CPU.ActiveCfg = Release|Any CPU
		{0BCC96DD-CFFD-4614-8CB2-183D189D0043}.Release|Any CPU.Build.0 = Release|Any CPU
	EndGlobalSection
	GlobalSection(SolutionProperties) = preSolution
		HideSolutionNode = FALSE
	EndGlobalSection
	GlobalSection(NestedProjects) = preSolution
		{1ABCC801-C79F-496C-A3B6-797B0687C900} = {B2C997D7-8698-4B21-8602-191938D8B265}
		{55F65C6E-F0AC-4174-8DE3-6CFEBF6219B6} = {B2C997D7-8698-4B21-8602-191938D8B265}
		{0BCC96DD-CFFD-4614-8CB2-183D189D0043} = {B2C997D7-8698-4B21-8602-191938D8B265}
	EndGlobalSection
	GlobalSection(ExtensibilityGlobals) = postSolution
		SolutionGuid = {A63A4545-AC10-44F2-A554-3BF3ADEE7F82}
	EndGlobalSection
EndGlobal
