
Microsoft Visual Studio Solution File, Format Version 12.00
# Visual Studio Version 16
VisualStudioVersion = 16.0.29201.188
MinimumVisualStudioVersion = 10.0.40219.1
Project("{2150E333-8FDC-42A3-9474-1A3956D46DE8}") = "Solution Items", "Solution Items", "{C223CF12-D2C7-4946-9B66-5ABEFEB71D3D}"
	ProjectSection(SolutionItems) = preProject
		.deployment = .deployment
		.editorconfig = .editorconfig
	EndProjectSection
EndProject
Project("{9A19103F-16F7-4668-BE54-9A1E7A4F7556}") = "Marcos", "Marcos.Web\Marcos.csproj", "{580F7647-8866-4588-9D77-FB13B68B8517}"
EndProject
Global
	GlobalSection(SolutionConfigurationPlatforms) = preSolution
		Debug|Any CPU = Debug|Any CPU
		Release|Any CPU = Release|Any CPU
	EndGlobalSection
	GlobalSection(ProjectConfigurationPlatforms) = postSolution
		{580F7647-8866-4588-9D77-FB13B68B8517}.Debug|Any CPU.ActiveCfg = Debug|Any CPU
		{580F7647-8866-4588-9D77-FB13B68B8517}.Debug|Any CPU.Build.0 = Debug|Any CPU
		{580F7647-8866-4588-9D77-FB13B68B8517}.Release|Any CPU.ActiveCfg = Release|Any CPU
		{580F7647-8866-4588-9D77-FB13B68B8517}.Release|Any CPU.Build.0 = Release|Any CPU
	EndGlobalSection
	GlobalSection(SolutionProperties) = preSolution
		HideSolutionNode = FALSE
	EndGlobalSection
	GlobalSection(ExtensibilityGlobals) = postSolution
		SolutionGuid = {A63A4545-AC10-44F2-A554-3BF3ADEE7F82}
	EndGlobalSection
EndGlobal
